
Microsoft Visual Studio Solution File, Format Version 12.00
# Visual Studio Version 16
VisualStudioVersion = 16.0.30611.23
MinimumVisualStudioVersion = 10.0.40219.1
Project("{FAE04EC0-301F-11D3-BF4B-00C04F79EFBC}") = "SoundViewer", "SoundViewer\SoundViewer.csproj", "{CE872C45-3833-467E-A275-AD446B2282D3}"
EndProject
Global
	GlobalSection(SolutionConfigurationPlatforms) = preSolution
		Debug|Any CPU = Debug|Any CPU
		Release|Any CPU = Release|Any CPU
	EndGlobalSection
	GlobalSection(ProjectConfigurationPlatforms) = postSolution
		{CE872C45-3833-467E-A275-AD446B2282D3}.Debug|Any CPU.ActiveCfg = Debug|Any CPU
		{CE872C45-3833-467E-A275-AD446B2282D3}.Debug|Any CPU.Build.0 = Debug|Any CPU
		{CE872C45-3833-467E-A275-AD446B2282D3}.Release|Any CPU.ActiveCfg = Release|Any CPU
		{CE872C45-3833-467E-A275-AD446B2282D3}.Release|Any CPU.Build.0 = Release|Any CPU
	EndGlobalSection
	GlobalSection(SolutionProperties) = preSolution
		HideSolutionNode = FALSE
	EndGlobalSection
	GlobalSection(ExtensibilityGlobals) = postSolution
		SolutionGuid = {0703AD8C-F0EE-4C56-AB02-E3D7D073EB02}
	EndGlobalSection
EndGlobal
