
Microsoft Visual Studio Solution File, Format Version 12.00
# Visual Studio Version 16
VisualStudioVersion = 16.0.30611.23
MinimumVisualStudioVersion = 10.0.40219.1
Project("{FAE04EC0-301F-11D3-BF4B-00C04F79EFBC}") = "SoundDecomposition_CMD", "SoundDecomposition_CMD\SoundDecomposition_CMD.csproj", "{EFBADC9D-1979-47C0-9916-222AF655EB15}"
EndProject
Global
	GlobalSection(SolutionConfigurationPlatforms) = preSolution
		Debug|Any CPU = Debug|Any CPU
		Release|Any CPU = Release|Any CPU
	EndGlobalSection
	GlobalSection(ProjectConfigurationPlatforms) = postSolution
		{EFBADC9D-1979-47C0-9916-222AF655EB15}.Debug|Any CPU.ActiveCfg = Debug|Any CPU
		{EFBADC9D-1979-47C0-9916-222AF655EB15}.Debug|Any CPU.Build.0 = Debug|Any CPU
		{EFBADC9D-1979-47C0-9916-222AF655EB15}.Release|Any CPU.ActiveCfg = Release|Any CPU
		{EFBADC9D-1979-47C0-9916-222AF655EB15}.Release|Any CPU.Build.0 = Release|Any CPU
	EndGlobalSection
	GlobalSection(SolutionProperties) = preSolution
		HideSolutionNode = FALSE
	EndGlobalSection
	GlobalSection(ExtensibilityGlobals) = postSolution
		SolutionGuid = {FC139193-6D73-4F61-AB58-0AC7171D957D}
	EndGlobalSection
EndGlobal
